#
# Notes:
#
# 1) The default values for assignments are stored in the file:
#		system_assignment_defaults.qdf
#    If this file doesn't exist, see file:
#		assignment_defaults.qdf
#
# 2) Altera recommends that you do not modify this file. This
#    file is updated automatically by the Quartus Prime software
#    and any changes you make may be lost or overwritten.
#
# -------------------------------------------------------------------------- #
# -------------------------------------------------------------------------- #
#
# Copyright (C) 2025  Altera Corporation. All rights reserved.
# Your use of Altera Corporation's design tools, logic functions 
# and other software and tools, and any partner logic 
# functions, and any output files from any of the foregoing 
# (including device programming or simulation files), and any 
# associated documentation or information are expressly subject 
# to the terms and conditions of the Altera Program License 
# Subscription Agreement, the Altera Quartus Prime License Agreement,
# the Altera IP License Agreement, or other applicable license
# agreement, including, without limitation, that your use is for
# the sole purpose of programming logic devices manufactured by
# Altera and sold by Altera or its authorized distributors.  Please
# refer to the Altera Software License Subscription Agreements 
# on the Quartus Prime software download page.
#
# -------------------------------------------------------------------------- #
#
# Quartus Prime
# Version 25.1.1 Build 125 07/31/2025 Patches 1.31 SC Pro Edition
# Date created = 15:25:20  July 14, 2026
#
# -------------------------------------------------------------------------- #
set_global_assignment -name FAMILY "Agilex 5"
set_global_assignment -name TOP_LEVEL_ENTITY system
set_global_assignment -name ORIGINAL_QUARTUS_VERSION "25.1.1 SP1.31"
set_global_assignment -name PROJECT_CREATION_TIME_DATE "15:25:20  JULY 14, 2026"
set_global_assignment -name LAST_QUARTUS_VERSION "25.1.1 Pro Edition"
set_global_assignment -name DEVICE A5ED065BB32AE6SR0
set_global_assignment -name BOARD "Agilex 5 FPGA E-Series 065B Modular Development Kit MK-A5E065BB32AES1"
set_global_assignment -name PWRMGT_VOLTAGE_OUTPUT_FORMAT "LINEAR FORMAT"
set_global_assignment -name PWRMGT_LINEAR_FORMAT_N "-12"
set_global_assignment -name IP_FILE ../platform/ip/pipeline/pipeline_intel_vvp_protocol_conv_0.ip
set_global_assignment -name IP_FILE ../platform/ip/pipeline/pipeline_reset_in.ip
set_global_assignment -name IP_FILE ../platform/ip/pipeline/pipeline_clock_in.ip
set_global_assignment -name IP_FILE ../platform/ip/pipeline/pipeline_intel_vvp_tpg_1.ip
set_global_assignment -name QSYS_FILE ../platform/pipeline.qsys
set_global_assignment -name IP_FILE ../platform/ip/pipeline/pipeline_intel_vvp_pipeline2_0.ip
set_global_assignment -name IP_FILE ../platform/ip/pipeline/pipeline_mem_0.ip
